// !$*UTF8*$!
{
	archiveVersion = 1;
	classes = {
	};
	objectVersion = 50;
	objects = {

/* Begin PBXBuildFile section */
		FA8EE55E260D154000FEC04C /* DC_MoviesApp.swift in Sources */ = {isa = PBXBuildFile; fileRef = FA8EE55D260D154000FEC04C /* DC_MoviesApp.swift */; };
		FA8EE560260D154000FEC04C /* ContentView.swift in Sources */ = {isa = PBXBuildFile; fileRef = FA8EE55F260D154000FEC04C /* ContentView.swift */; };
		FA8EE562260D154100FEC04C /* Assets.xcassets in Resources */ = {isa = PBXBuildFile; fileRef = FA8EE561260D154100FEC04C /* Assets.xcassets */; };
		FA8EE565260D154100FEC04C /* Preview Assets.xcassets in Resources */ = {isa = PBXBuildFile; fileRef = FA8EE564260D154100FEC04C /* Preview Assets.xcassets */; };
		FA8EE582260D257600FEC04C /* DCEU_Movies.json in Resources */ = {isa = PBXBuildFile; fileRef = FA8EE581260D257600FEC04C /* DCEU_Movies.json */; };
		FA8EE587260D273100FEC04C /* ModelData.swift in Sources */ = {isa = PBXBuildFile; fileRef = FA8EE586260D273100FEC04C /* ModelData.swift */; };
		FA8EE58A260D275E00FEC04C /* DCEU_Movie.swift in Sources */ = {isa = PBXBuildFile; fileRef = FA8EE589260D275E00FEC04C /* DCEU_Movie.swift */; };
		FAE477D3260F73AD0096C7BD /* MovieDetailView.swift in Sources */ = {isa = PBXBuildFile; fileRef = FAE477D2260F73AD0096C7BD /* MovieDetailView.swift */; };
		FAF3B01F260D316900F84119 /* HStackMovieInfo.swift in Sources */ = {isa = PBXBuildFile; fileRef = FAF3B01E260D316900F84119 /* HStackMovieInfo.swift */; };
		FAF3B024260D399300F84119 /* VStackMovieInfo.swift in Sources */ = {isa = PBXBuildFile; fileRef = FAF3B023260D399300F84119 /* VStackMovieInfo.swift */; };
		FAF3B028260D562700F84119 /* VerticalList.swift in Sources */ = {isa = PBXBuildFile; fileRef = FAF3B027260D562700F84119 /* VerticalList.swift */; };
		FAF3B02B260D579200F84119 /* HorizontalList.swift in Sources */ = {isa = PBXBuildFile; fileRef = FAF3B02A260D579200F84119 /* HorizontalList.swift */; };
/* End PBXBuildFile section */

/* Begin PBXFileReference section */
		FA8EE55A260D154000FEC04C /* DC Movies.app */ = {isa = PBXFileReference; explicitFileType = wrapper.application; includeInIndex = 0; path = "DC Movies.app"; sourceTree = BUILT_PRODUCTS_DIR; };
		FA8EE55D260D154000FEC04C /* DC_MoviesApp.swift */ = {isa = PBXFileReference; lastKnownFileType = sourcecode.swift; path = DC_MoviesApp.swift; sourceTree = "<group>"; };
		FA8EE55F260D154000FEC04C /* ContentView.swift */ = {isa = PBXFileReference; lastKnownFileType = sourcecode.swift; path = ContentView.swift; sourceTree = "<group>"; };
		FA8EE561260D154100FEC04C /* Assets.xcassets */ = {isa = PBXFileReference; lastKnownFileType = folder.assetcatalog; path = Assets.xcassets; sourceTree = "<group>"; };
		FA8EE564260D154100FEC04C /* Preview Assets.xcassets */ = {isa = PBXFileReference; lastKnownFileType = folder.assetcatalog; path = "Preview Assets.xcassets"; sourceTree = "<group>"; };
		FA8EE566260D154100FEC04C /* Info.plist */ = {isa = PBXFileReference; lastKnownFileType = text.plist.xml; path = Info.plist; sourceTree = "<group>"; };
		FA8EE581260D257600FEC04C /* DCEU_Movies.json */ = {isa = PBXFileReference; fileEncoding = 4; lastKnownFileType = text.json; path = DCEU_Movies.json; sourceTree = "<group>"; };
		FA8EE586260D273100FEC04C /* ModelData.swift */ = {isa = PBXFileReference; lastKnownFileType = sourcecode.swift; path = ModelData.swift; sourceTree = "<group>"; };
		FA8EE589260D275E00FEC04C /* DCEU_Movie.swift */ = {isa = PBXFileReference; lastKnownFileType = sourcecode.swift; path = DCEU_Movie.swift; sourceTree = "<group>"; };
		FAE477D2260F73AD0096C7BD /* MovieDetailView.swift */ = {isa = PBXFileReference; lastKnownFileType = sourcecode.swift; path = MovieDetailView.swift; sourceTree = "<group>"; };
		FAF3B01E260D316900F84119 /* HStackMovieInfo.swift */ = {isa = PBXFileReference; lastKnownFileType = sourcecode.swift; path = HStackMovieInfo.swift; sourceTree = "<group>"; };
		FAF3B023260D399300F84119 /* VStackMovieInfo.swift */ = {isa = PBXFileReference; lastKnownFileType = sourcecode.swift; path = VStackMovieInfo.swift; sourceTree = "<group>"; };
		FAF3B027260D562700F84119 /* VerticalList.swift */ = {isa = PBXFileReference; lastKnownFileType = sourcecode.swift; path = VerticalList.swift; sourceTree = "<group>"; };
		FAF3B02A260D579200F84119 /* HorizontalList.swift */ = {isa = PBXFileReference; lastKnownFileType = sourcecode.swift; path = HorizontalList.swift; sourceTree = "<group>"; };
/* End PBXFileReference section */

/* Begin PBXFrameworksBuildPhase section */
		FA8EE557260D154000FEC04C /* Frameworks */ = {
			isa = PBXFrameworksBuildPhase;
			buildActionMask = 2147483647;
			files = (
			);
			runOnlyForDeploymentPostprocessing = 0;
		};
/* End PBXFrameworksBuildPhase section */

/* Begin PBXGroup section */
		FA8EE551260D154000FEC04C = {
			isa = PBXGroup;
			children = (
				FA8EE55C260D154000FEC04C /* DC Movies */,
				FA8EE55B260D154000FEC04C /* Products */,
			);
			sourceTree = "<group>";
		};
		FA8EE55B260D154000FEC04C /* Products */ = {
			isa = PBXGroup;
			children = (
				FA8EE55A260D154000FEC04C /* DC Movies.app */,
			);
			name = Products;
			sourceTree = "<group>";
		};
		FA8EE55C260D154000FEC04C /* DC Movies */ = {
			isa = PBXGroup;
			children = (
				FA8EE56E260D156B00FEC04C /* View */,
				FA8EE56D260D156700FEC04C /* Model */,
				FA8EE573260D16D900FEC04C /* Resources */,
				FA8EE55D260D154000FEC04C /* DC_MoviesApp.swift */,
				FA8EE561260D154100FEC04C /* Assets.xcassets */,
				FA8EE566260D154100FEC04C /* Info.plist */,
				FA8EE563260D154100FEC04C /* Preview Content */,
			);
			path = "DC Movies";
			sourceTree = "<group>";
		};
		FA8EE563260D154100FEC04C /* Preview Content */ = {
			isa = PBXGroup;
			children = (
				FA8EE564260D154100FEC04C /* Preview Assets.xcassets */,
			);
			path = "Preview Content";
			sourceTree = "<group>";
		};
		FA8EE56D260D156700FEC04C /* Model */ = {
			isa = PBXGroup;
			children = (
				FA8EE586260D273100FEC04C /* ModelData.swift */,
				FA8EE589260D275E00FEC04C /* DCEU_Movie.swift */,
			);
			path = Model;
			sourceTree = "<group>";
		};
		FA8EE56E260D156B00FEC04C /* View */ = {
			isa = PBXGroup;
			children = (
				FA8EE55F260D154000FEC04C /* ContentView.swift */,
				FAF3B01E260D316900F84119 /* HStackMovieInfo.swift */,
				FAF3B02A260D579200F84119 /* HorizontalList.swift */,
				FAF3B023260D399300F84119 /* VStackMovieInfo.swift */,
				FAF3B027260D562700F84119 /* VerticalList.swift */,
				FAE477D2260F73AD0096C7BD /* MovieDetailView.swift */,
			);
			path = View;
			sourceTree = "<group>";
		};
		FA8EE573260D16D900FEC04C /* Resources */ = {
			isa = PBXGroup;
			children = (
				FA8EE581260D257600FEC04C /* DCEU_Movies.json */,
			);
			path = Resources;
			sourceTree = "<group>";
		};
/* End PBXGroup section */

/* Begin PBXNativeTarget section */
		FA8EE559260D154000FEC04C /* DC Movies */ = {
			isa = PBXNativeTarget;
			buildConfigurationList = FA8EE569260D154100FEC04C /* Build configuration list for PBXNativeTarget "DC Movies" */;
			buildPhases = (
				FA8EE556260D154000FEC04C /* Sources */,
				FA8EE557260D154000FEC04C /* Frameworks */,
				FA8EE558260D154000FEC04C /* Resources */,
			);
			buildRules = (
			);
			dependencies = (
			);
			name = "DC Movies";
			productName = "DC Movies";
			productReference = FA8EE55A260D154000FEC04C /* DC Movies.app */;
			productType = "com.apple.product-type.application";
		};
/* End PBXNativeTarget section */

/* Begin PBXProject section */
		FA8EE552260D154000FEC04C /* Project object */ = {
			isa = PBXProject;
			attributes = {
				LastSwiftUpdateCheck = 1240;
				LastUpgradeCheck = 1240;
				TargetAttributes = {
					FA8EE559260D154000FEC04C = {
						CreatedOnToolsVersion = 12.4;
					};
				};
			};
			buildConfigurationList = FA8EE555260D154000FEC04C /* Build configuration list for PBXProject "DC Movies" */;
			compatibilityVersion = "Xcode 9.3";
			developmentRegion = en;
			hasScannedForEncodings = 0;
			knownRegions = (
				en,
				Base,
			);
			mainGroup = FA8EE551260D154000FEC04C;
			productRefGroup = FA8EE55B260D154000FEC04C /* Products */;
			projectDirPath = "";
			projectRoot = "";
			targets = (
				FA8EE559260D154000FEC04C /* DC Movies */,
			);
		};
/* End PBXProject section */

/* Begin PBXResourcesBuildPhase section */
		FA8EE558260D154000FEC04C /* Resources */ = {
			isa = PBXResourcesBuildPhase;
			buildActionMask = 2147483647;
			files = (
				FA8EE565260D154100FEC04C /* Preview Assets.xcassets in Resources */,
				FA8EE562260D154100FEC04C /* Assets.xcassets in Resources */,
				FA8EE582260D257600FEC04C /* DCEU_Movies.json in Resources */,
			);
			runOnlyForDeploymentPostprocessing = 0;
		};
/* End PBXResourcesBuildPhase section */

/* Begin PBXSourcesBuildPhase section */
		FA8EE556260D154000FEC04C /* Sources */ = {
			isa = PBXSourcesBuildPhase;
			buildActionMask = 2147483647;
			files = (
				FA8EE587260D273100FEC04C /* ModelData.swift in Sources */,
				FA8EE560260D154000FEC04C /* ContentView.swift in Sources */,
				FAF3B024260D399300F84119 /* VStackMovieInfo.swift in Sources */,
				FAE477D3260F73AD0096C7BD /* MovieDetailView.swift in Sources */,
				FAF3B01F260D316900F84119 /* HStackMovieInfo.swift in Sources */,
				FA8EE55E260D154000FEC04C /* DC_MoviesApp.swift in Sources */,
				FAF3B02B260D579200F84119 /* HorizontalList.swift in Sources */,
				FA8EE58A260D275E00FEC04C /* DCEU_Movie.swift in Sources */,
				FAF3B028260D562700F84119 /* VerticalList.swift in Sources */,
			);
			runOnlyForDeploymentPostprocessing = 0;
		};
/* End PBXSourcesBuildPhase section */

/* Begin XCBuildConfiguration section */
		FA8EE567260D154100FEC04C /* Debug */ = {
			isa = XCBuildConfiguration;
			buildSettings = {
				ALWAYS_SEARCH_USER_PATHS = NO;
				CLANG_ANALYZER_NONNULL = YES;
				CLANG_ANALYZER_NUMBER_OBJECT_CONVERSION = YES_AGGRESSIVE;
				CLANG_CXX_LANGUAGE_STANDARD = "gnu++14";
				CLANG_CXX_LIBRARY = "libc++";
				CLANG_ENABLE_MODULES = YES;
				CLANG_ENABLE_OBJC_ARC = YES;
				CLANG_ENABLE_OBJC_WEAK = YES;
				CLANG_WARN_BLOCK_CAPTURE_AUTORELEASING = YES;
				CLANG_WARN_BOOL_CONVERSION = YES;
				CLANG_WARN_COMMA = YES;
				CLANG_WARN_CONSTANT_CONVERSION = YES;
				CLANG_WARN_DEPRECATED_OBJC_IMPLEMENTATIONS = YES;
				CLANG_WARN_DIRECT_OBJC_ISA_USAGE = YES_ERROR;
				CLANG_WARN_DOCUMENTATION_COMMENTS = YES;
				CLANG_WARN_EMPTY_BODY = YES;
				CLANG_WARN_ENUM_CONVERSION = YES;
				CLANG_WARN_INFINITE_RECURSION = YES;
				CLANG_WARN_INT_CONVERSION = YES;
				CLANG_WARN_NON_LITERAL_NULL_CONVERSION = YES;
				CLANG_WARN_OBJC_IMPLICIT_RETAIN_SELF = YES;
				CLANG_WARN_OBJC_LITERAL_CONVERSION = YES;
				CLANG_WARN_OBJC_ROOT_CLASS = YES_ERROR;
				CLANG_WARN_QUOTED_INCLUDE_IN_FRAMEWORK_HEADER = YES;
				CLANG_WARN_RANGE_LOOP_ANALYSIS = YES;
				CLANG_WARN_STRICT_PROTOTYPES = YES;
				CLANG_WARN_SUSPICIOUS_MOVE = YES;
				CLANG_WARN_UNGUARDED_AVAILABILITY = YES_AGGRESSIVE;
				CLANG_WARN_UNREACHABLE_CODE = YES;
				CLANG_WARN__DUPLICATE_METHOD_MATCH = YES;
				COPY_PHASE_STRIP = NO;
				DEBUG_INFORMATION_FORMAT = dwarf;
				ENABLE_STRICT_OBJC_MSGSEND = YES;
				ENABLE_TESTABILITY = YES;
				GCC_C_LANGUAGE_STANDARD = gnu11;
				GCC_DYNAMIC_NO_PIC = NO;
				GCC_NO_COMMON_BLOCKS = YES;
				GCC_OPTIMIZATION_LEVEL = 0;
				GCC_PREPROCESSOR_DEFINITIONS = (
					"DEBUG=1",
					"$(inherited)",
				);
				GCC_WARN_64_TO_32_BIT_CONVERSION = YES;
				GCC_WARN_ABOUT_RETURN_TYPE = YES_ERROR;
				GCC_WARN_UNDECLARED_SELECTOR = YES;
				GCC_WARN_UNINITIALIZED_AUTOS = YES_AGGRESSIVE;
				GCC_WARN_UNUSED_FUNCTION = YES;
				GCC_WARN_UNUSED_VARIABLE = YES;
				IPHONEOS_DEPLOYMENT_TARGET = 14.4;
				MTL_ENABLE_DEBUG_INFO = INCLUDE_SOURCE;
				MTL_FAST_MATH = YES;
				ONLY_ACTIVE_ARCH = YES;
				SDKROOT = iphoneos;
				SWIFT_ACTIVE_COMPILATION_CONDITIONS = DEBUG;
				SWIFT_OPTIMIZATION_LEVEL = "-Onone";
			};
			name = Debug;
		};
		FA8EE568260D154100FEC04C /* Release */ = {
			isa = XCBuildConfiguration;
			buildSettings = {
				ALWAYS_SEARCH_USER_PATHS = NO;
				CLANG_ANALYZER_NONNULL = YES;
				CLANG_ANALYZER_NUMBER_OBJECT_CONVERSION = YES_AGGRESSIVE;
				CLANG_CXX_LANGUAGE_STANDARD = "gnu++14";
				CLANG_CXX_LIBRARY = "libc++";
				CLANG_ENABLE_MODULES = YES;
				CLANG_ENABLE_OBJC_ARC = YES;
				CLANG_ENABLE_OBJC_WEAK = YES;
				CLANG_WARN_BLOCK_CAPTURE_AUTORELEASING = YES;
				CLANG_WARN_BOOL_CONVERSION = YES;
				CLANG_WARN_COMMA = YES;
				CLANG_WARN_CONSTANT_CONVERSION = YES;
				CLANG_WARN_DEPRECATED_OBJC_IMPLEMENTATIONS = YES;
				CLANG_WARN_DIRECT_OBJC_ISA_USAGE = YES_ERROR;
				CLANG_WARN_DOCUMENTATION_COMMENTS = YES;
				CLANG_WARN_EMPTY_BODY = YES;
				CLANG_WARN_ENUM_CONVERSION = YES;
				CLANG_WARN_INFINITE_RECURSION = YES;
				CLANG_WARN_INT_CONVERSION = YES;
				CLANG_WARN_NON_LITERAL_NULL_CONVERSION = YES;
				CLANG_WARN_OBJC_IMPLICIT_RETAIN_SELF = YES;
				CLANG_WARN_OBJC_LITERAL_CONVERSION = YES;
				CLANG_WARN_OBJC_ROOT_CLASS = YES_ERROR;
				CLANG_WARN_QUOTED_INCLUDE_IN_FRAMEWORK_HEADER = YES;
				CLANG_WARN_RANGE_LOOP_ANALYSIS = YES;
				CLANG_WARN_STRICT_PROTOTYPES = YES;
				CLANG_WARN_SUSPICIOUS_MOVE = YES;
				CLANG_WARN_UNGUARDED_AVAILABILITY = YES_AGGRESSIVE;
				CLANG_WARN_UNREACHABLE_CODE = YES;
				CLANG_WARN__DUPLICATE_METHOD_MATCH = YES;
				COPY_PHASE_STRIP = NO;
				DEBUG_INFORMATION_FORMAT = "dwarf-with-dsym";
				ENABLE_NS_ASSERTIONS = NO;
				ENABLE_STRICT_OBJC_MSGSEND = YES;
				GCC_C_LANGUAGE_STANDARD = gnu11;
				GCC_NO_COMMON_BLOCKS = YES;
				GCC_WARN_64_TO_32_BIT_CONVERSION = YES;
				GCC_WARN_ABOUT_RETURN_TYPE = YES_ERROR;
				GCC_WARN_UNDECLARED_SELECTOR = YES;
				GCC_WARN_UNINITIALIZED_AUTOS = YES_AGGRESSIVE;
				GCC_WARN_UNUSED_FUNCTION = YES;
				GCC_WARN_UNUSED_VARIABLE = YES;
				IPHONEOS_DEPLOYMENT_TARGET = 14.4;
				MTL_ENABLE_DEBUG_INFO = NO;
				MTL_FAST_MATH = YES;
				SDKROOT = iphoneos;
				SWIFT_COMPILATION_MODE = wholemodule;
				SWIFT_OPTIMIZATION_LEVEL = "-O";
				VALIDATE_PRODUCT = YES;
			};
			name = Release;
		};
		FA8EE56A260D154100FEC04C /* Debug */ = {
			isa = XCBuildConfiguration;
			buildSettings = {
				ASSETCATALOG_COMPILER_APPICON_NAME = AppIcon;
				ASSETCATALOG_COMPILER_GLOBAL_ACCENT_COLOR_NAME = AccentColor;
				CODE_SIGN_STYLE = Automatic;
				DEVELOPMENT_ASSET_PATHS = "\"DC Movies/Preview Content\"";
				DEVELOPMENT_TEAM = W5VQ56Z87Q;
				ENABLE_PREVIEWS = YES;
				INFOPLIST_FILE = "DC Movies/Info.plist";
				IPHONEOS_DEPLOYMENT_TARGET = 14.0;
				LD_RUNPATH_SEARCH_PATHS = (
					"$(inherited)",
					"@executable_path/Frameworks",
				);
				PRODUCT_BUNDLE_IDENTIFIER = "com.nimdog.dev.DC-Movies";
				PRODUCT_NAME = "$(TARGET_NAME)";
				SWIFT_VERSION = 5.0;
				TARGETED_DEVICE_FAMILY = "1,2";
			};
			name = Debug;
		};
		FA8EE56B260D154100FEC04C /* Release */ = {
			isa = XCBuildConfiguration;
			buildSettings = {
				ASSETCATALOG_COMPILER_APPICON_NAME = AppIcon;
				ASSETCATALOG_COMPILER_GLOBAL_ACCENT_COLOR_NAME = AccentColor;
				CODE_SIGN_STYLE = Automatic;
				DEVELOPMENT_ASSET_PATHS = "\"DC Movies/Preview Content\"";
				DEVELOPMENT_TEAM = W5VQ56Z87Q;
				ENABLE_PREVIEWS = YES;
				INFOPLIST_FILE = "DC Movies/Info.plist";
				IPHONEOS_DEPLOYMENT_TARGET = 14.0;
				LD_RUNPATH_SEARCH_PATHS = (
					"$(inherited)",
					"@executable_path/Frameworks",
				);
				PRODUCT_BUNDLE_IDENTIFIER = "com.nimdog.dev.DC-Movies";
				PRODUCT_NAME = "$(TARGET_NAME)";
				SWIFT_VERSION = 5.0;
				TARGETED_DEVICE_FAMILY = "1,2";
			};
			name = Release;
		};
/* End XCBuildConfiguration section */

/* Begin XCConfigurationList section */
		FA8EE555260D154000FEC04C /* Build configuration list for PBXProject "DC Movies" */ = {
			isa = XCConfigurationList;
			buildConfigurations = (
				FA8EE567260D154100FEC04C /* Debug */,
				FA8EE568260D154100FEC04C /* Release */,
			);
			defaultConfigurationIsVisible = 0;
			defaultConfigurationName = Release;
		};
		FA8EE569260D154100FEC04C /* Build configuration list for PBXNativeTarget "DC Movies" */ = {
			isa = XCConfigurationList;
			buildConfigurations = (
				FA8EE56A260D154100FEC04C /* Debug */,
				FA8EE56B260D154100FEC04C /* Release */,
			);
			defaultConfigurationIsVisible = 0;
			defaultConfigurationName = Release;
		};
/* End XCConfigurationList section */
	};
	rootObject = FA8EE552260D154000FEC04C /* Project object */;
}
